
Microsoft Visual Studio Solution File, Format Version 12.00
Project("{FAE04EC0-301F-11D3-BF4B-00C04F79EFBC}") = "WebApi", "WebApi\WebApi.csproj", "{D3B6C6D8-D2AC-4CAE-A67C-95CCFCBC0C88}"
EndProject
Project("{2150E333-8FDC-42A3-9474-1A3956D46DE8}") = "Services", "Services", "{C5211108-9022-4791-8E64-953610546EFC}"
EndProject
Project("{2150E333-8FDC-42A3-9474-1A3956D46DE8}") = "Project", "Project", "{3197AF7C-4279-4723-950B-78878023A4F6}"
EndProject
Project("{2150E333-8FDC-42A3-9474-1A3956D46DE8}") = "DatabaseSynchronization", "DatabaseSynchronization", "{DAD01027-14C7-4C94-A19A-8B8ADF2F851A}"
EndProject
Project("{2150E333-8FDC-42A3-9474-1A3956D46DE8}") = "Core", "Core", "{642CFDA3-8A5F-420D-8B38-81E0213655C8}"
EndProject
Project("{2150E333-8FDC-42A3-9474-1A3956D46DE8}") = "Infrastructure", "Infrastructure", "{FEF2E7A1-8EA9-465C-BA4E-CBE468169A9E}"
EndProject
Global
	GlobalSection(SolutionConfigurationPlatforms) = preSolution
		Debug|Any CPU = Debug|Any CPU
		Release|Any CPU = Release|Any CPU
	EndGlobalSection
	GlobalSection(ProjectConfigurationPlatforms) = postSolution
		{D3B6C6D8-D2AC-4CAE-A67C-95CCFCBC0C88}.Debug|Any CPU.ActiveCfg = Debug|Any CPU
		{D3B6C6D8-D2AC-4CAE-A67C-95CCFCBC0C88}.Debug|Any CPU.Build.0 = Debug|Any CPU
		{D3B6C6D8-D2AC-4CAE-A67C-95CCFCBC0C88}.Release|Any CPU.ActiveCfg = Release|Any CPU
		{D3B6C6D8-D2AC-4CAE-A67C-95CCFCBC0C88}.Release|Any CPU.Build.0 = Release|Any CPU
	EndGlobalSection
	GlobalSection(NestedProjects) = preSolution
		{642CFDA3-8A5F-420D-8B38-81E0213655C8} = {3197AF7C-4279-4723-950B-78878023A4F6}
		{FEF2E7A1-8EA9-465C-BA4E-CBE468169A9E} = {3197AF7C-4279-4723-950B-78878023A4F6}
	EndGlobalSection
EndGlobal
